<?xml version="1.0" encoding="utf-8"?>
<Project ToolsVersion="4.0" xmlns="http://schemas.microsoft.com/developer/msbuild/2003">
  <ItemGroup>
    <Filter Include="源文件">
      <UniqueIdentifier>{4FC737F1-C7A5-4376-A066-2A32D752A2FF}</UniqueIdentifier>
      <Extensions>cpp;c;cc;cxx;def;odl;idl;hpj;bat;asm;asmx</Extensions>
    </Filter>
    <Filter Include="头文件">
      <UniqueIdentifier>{93995380-89BD-4b04-88EB-625FBE52EBFB}</UniqueIdentifier>
      <Extensions>h;hh;hpp;hxx;hm;inl;inc;xsd</Extensions>
    </Filter>
    <Filter Include="资源文件">
      <UniqueIdentifier>{67DA6AB6-F800-4c08-8B7A-83BB121AAD01}</UniqueIdentifier>
      <Extensions>rc;ico;cur;bmp;dlg;rc2;rct;bin;rgs;gif;jpg;jpeg;jpe;resx;tiff;tif;png;wav;mfcribbon-ms</Extensions>
    </Filter>
    <Filter Include="WinProcess">
      <UniqueIdentifier>{f4063473-814e-4df9-8076-e45381ea6e3c}</UniqueIdentifier>
    </Filter>
    <Filter Include="Display">
      <UniqueIdentifier>{8bab298c-eb38-4ee9-aefb-1a69a81f1171}</UniqueIdentifier>
    </Filter>
    <Filter Include="Display\TextureLoader">
      <UniqueIdentifier>{a588119c-f88c-4454-b04e-4a4ba7db0045}</UniqueIdentifier>
    </Filter>
    <Filter Include="Display\Assimp">
      <UniqueIdentifier>{97577b59-7c60-4677-85ad-62c3b644a1d4}</UniqueIdentifier>
    </Filter>
    <Filter Include="Simulator">
      <UniqueIdentifier>{5015eb73-3f6f-4199-8053-b359baed9c30}</UniqueIdentifier>
    </Filter>
  </ItemGroup>
  <ItemGroup>
    <ClCompile Include="main.cpp">
      <Filter>源文件</Filter>
    </ClCompile>
    <ClCompile Include="WinProcess\winProcess.cpp">
      <Filter>WinProcess</Filter>
    </ClCompile>
    <ClCompile Include="Display\display.cpp">
      <Filter>Display</Filter>
    </ClCompile>
    <ClCompile Include="TextureLoader\WICTextureLoader.cpp">
      <Filter>Display\TextureLoader</Filter>
    </ClCompile>
    <ClCompile Include="Display\model.cpp">
      <Filter>Display</Filter>
    </ClCompile>
    <ClCompile Include="Simulator\panel.cpp">
      <Filter>Simulator</Filter>
    </ClCompile>
    <ClCompile Include="Simulator\dice.cpp">
      <Filter>Simulator</Filter>
    </ClCompile>
    <ClCompile Include="log.cpp">
      <Filter>WinProcess</Filter>
    </ClCompile>
  </ItemGroup>
  <ItemGroup>
    <ClInclude Include="WinProcess\winProcess.h">
      <Filter>WinProcess</Filter>
    </ClInclude>
    <ClInclude Include="Display\display.h">
      <Filter>Display</Filter>
    </ClInclude>
    <ClInclude Include="TextureLoader\WICTextureLoader.h">
      <Filter>Display\TextureLoader</Filter>
    </ClInclude>
    <ClInclude Include="Display\model.h">
      <Filter>Display</Filter>
    </ClInclude>
    <ClInclude Include="Simulator\panel.h">
      <Filter>Simulator</Filter>
    </ClInclude>
    <ClInclude Include="Simulator\animal.h">
      <Filter>Simulator</Filter>
    </ClInclude>
    <ClInclude Include="Simulator\dice.h">
      <Filter>Simulator</Filter>
    </ClInclude>
    <ClInclude Include="log.h">
      <Filter>WinProcess</Filter>
    </ClInclude>
  </ItemGroup>
  <ItemGroup>
    <FxCompile Include="Display\pShader.hlsl">
      <Filter>Display</Filter>
    </FxCompile>
    <FxCompile Include="Display\vShader.hlsl">
      <Filter>Display</Filter>
    </FxCompile>
  </ItemGroup>
</Project>